<?xml version="1.0" encoding="utf-8"?>
<Project ToolsVersion="4.0" xmlns="http://schemas.microsoft.com/developer/msbuild/2003">
  <ItemGroup>
    <Filter Include="Data">
      <UniqueIdentifier>{d45e1b69-fe62-4b91-8243-9e901bedf58f}</UniqueIdentifier>
    </Filter>
    <Filter Include="Game">
      <UniqueIdentifier>{c936b64e-9e68-4883-9b84-62ac7f8f3df7}</UniqueIdentifier>
    </Filter>
    <Filter Include="Data\Sprites">
      <UniqueIdentifier>{e5e54b30-943e-4fb6-bb6e-3db0376dadba}</UniqueIdentifier>
    </Filter>
  </ItemGroup>
  <ItemGroup>
    <ClCompile Include="Main.cpp">
      <Filter>Game</Filter>
    </ClCompile>
  </ItemGroup>
  <ItemGroup>
    <None Include="Data\Sprites\Ninja.json">
      <Filter>Data\Sprites</Filter>
    </None>
  </ItemGroup>
</Project>