<?xml version="1.0" encoding="utf-8"?>
<Project ToolsVersion="4.0" xmlns="http://schemas.microsoft.com/developer/msbuild/2003">
  <ItemGroup>
    <Filter Include="Data">
      <UniqueIdentifier>{d45e1b69-fe62-4b91-8243-9e901bedf58f}</UniqueIdentifier>
    </Filter>
    <Filter Include="Game">
      <UniqueIdentifier>{c936b64e-9e68-4883-9b84-62ac7f8f3df7}</UniqueIdentifier>
    </Filter>
    <Filter Include="Data\Sprites">
      <UniqueIdentifier>{e5e54b30-943e-4fb6-bb6e-3db0376dadba}</UniqueIdentifier>
    </Filter>
    <Filter Include="Data\Objects">
      <UniqueIdentifier>{bd603947-4bdb-4e1b-b100-2cc69e47528b}</UniqueIdentifier>
    </Filter>
    <Filter Include="Data\Maps">
      <UniqueIdentifier>{7189519b-0901-497c-8e3f-5a2a1fb55787}</UniqueIdentifier>
    </Filter>
  </ItemGroup>
  <ItemGroup>
    <ClCompile Include="Main.cpp">
      <Filter>Game</Filter>
    </ClCompile>
  </ItemGroup>
  <ItemGroup>
    <None Include="Data\Sprites\Test.json">
      <Filter>Data\Sprites</Filter>
    </None>
    <None Include="Data\Input.json">
      <Filter>Data</Filter>
    </None>
    <None Include="Data\InputDefaults.json">
      <Filter>Data</Filter>
    </None>
    <None Include="Data\Sprites\Clone.json">
      <Filter>Data\Sprites</Filter>
    </None>
    <None Include="Data\Sprites\Clone_Bullet.json">
      <Filter>Data\Sprites</Filter>
    </None>
    <None Include="Data\Sprites\Clone_Fire.json">
      <Filter>Data\Sprites</Filter>
    </None>
    <None Include="Data\Sprites\Tile2.json">
      <Filter>Data\Sprites</Filter>
    </None>
    <None Include="Data\Sprites\Decal1.json">
      <Filter>Data\Sprites</Filter>
    </None>
    <None Include="Data\Sprites\Decal2.json">
      <Filter>Data\Sprites</Filter>
    </None>
    <None Include="Data\Sprites\Tile1.json">
      <Filter>Data\Sprites</Filter>
    </None>
    <None Include="Data\Objects\Tile2.json">
      <Filter>Data\Objects</Filter>
    </None>
    <None Include="Data\Objects\Clone.json">
      <Filter>Data\Objects</Filter>
    </None>
    <None Include="Data\Objects\Decal1.json">
      <Filter>Data\Objects</Filter>
    </None>
    <None Include="Data\Objects\Decal2.json">
      <Filter>Data\Objects</Filter>
    </None>
    <None Include="Data\Objects\Tile1.json">
      <Filter>Data\Objects</Filter>
    </None>
    <None Include="Data\Maps\0.json">
      <Filter>Data\Maps</Filter>
    </None>
  </ItemGroup>
</Project>