<?xml version="1.0" encoding="utf-8"?>
<Project ToolsVersion="4.0" xmlns="http://schemas.microsoft.com/developer/msbuild/2003">
  <ItemGroup>
    <Filter Include="ArcticEngine">
      <UniqueIdentifier>{ff1fddd4-da27-484d-bb33-4004aa809ccb}</UniqueIdentifier>
    </Filter>
    <Filter Include="Engine">
      <UniqueIdentifier>{c289de6a-193f-4723-9ab6-27a88c4778e8}</UniqueIdentifier>
    </Filter>
    <Filter Include="Box2D">
      <UniqueIdentifier>{8266a1cd-96e8-417a-b901-ffe40ffc25a4}</UniqueIdentifier>
    </Filter>
    <Filter Include="Box2D\Collision">
      <UniqueIdentifier>{b409ce6f-0624-4c8e-a444-4402e38e8c1a}</UniqueIdentifier>
    </Filter>
    <Filter Include="Box2D\Common">
      <UniqueIdentifier>{776f4019-a0f0-4406-984f-7f426fe09033}</UniqueIdentifier>
    </Filter>
    <Filter Include="Box2D\Dynamics">
      <UniqueIdentifier>{306820ae-9f95-4064-a94d-301cf3e66e49}</UniqueIdentifier>
    </Filter>
    <Filter Include="Box2D\Rope">
      <UniqueIdentifier>{38ee7d77-e67a-4061-8793-9159b1b52c20}</UniqueIdentifier>
    </Filter>
    <Filter Include="Box2D\Collision\Shapes">
      <UniqueIdentifier>{e4f54feb-b250-4f22-9414-e88cf0accdc8}</UniqueIdentifier>
    </Filter>
    <Filter Include="Box2D\Dynamics\Joints">
      <UniqueIdentifier>{382540f5-9b66-4035-a57c-8e288157fb99}</UniqueIdentifier>
    </Filter>
    <Filter Include="Box2D\Dynamics\Contacts">
      <UniqueIdentifier>{79bde355-fc59-43d5-9830-efb19d534d6a}</UniqueIdentifier>
    </Filter>
  </ItemGroup>
  <ItemGroup>
    <ClCompile Include="ArcticEngine\engine\arctic_input.cpp">
      <Filter>ArcticEngine</Filter>
    </ClCompile>
    <ClCompile Include="ArcticEngine\engine\arctic_math.cpp">
      <Filter>ArcticEngine</Filter>
    </ClCompile>
    <ClCompile Include="ArcticEngine\engine\arctic_platform_windows.cpp">
      <Filter>ArcticEngine</Filter>
    </ClCompile>
    <ClCompile Include="ArcticEngine\engine\byte_array.cpp">
      <Filter>ArcticEngine</Filter>
    </ClCompile>
    <ClCompile Include="ArcticEngine\engine\easy.cpp">
      <Filter>ArcticEngine</Filter>
    </ClCompile>
    <ClCompile Include="ArcticEngine\engine\easy_sound.cpp">
      <Filter>ArcticEngine</Filter>
    </ClCompile>
    <ClCompile Include="ArcticEngine\engine\easy_sound_instance.cpp">
      <Filter>ArcticEngine</Filter>
    </ClCompile>
    <ClCompile Include="ArcticEngine\engine\easy_sprite.cpp">
      <Filter>ArcticEngine</Filter>
    </ClCompile>
    <ClCompile Include="ArcticEngine\engine\easy_sprite_instance.cpp">
      <Filter>ArcticEngine</Filter>
    </ClCompile>
    <ClCompile Include="ArcticEngine\engine\engine.cpp">
      <Filter>ArcticEngine</Filter>
    </ClCompile>
    <ClCompile Include="EntryPoint.cpp">
      <Filter>Engine</Filter>
    </ClCompile>
    <ClCompile Include="Application.cpp">
      <Filter>Engine</Filter>
    </ClCompile>
    <ClCompile Include="Base.cpp">
      <Filter>Engine</Filter>
    </ClCompile>
    <ClCompile Include="Logic.cpp">
      <Filter>Engine</Filter>
    </ClCompile>
    <ClCompile Include="Audio.cpp">
      <Filter>Engine</Filter>
    </ClCompile>
    <ClCompile Include="Render.cpp">
      <Filter>Engine</Filter>
    </ClCompile>
    <ClCompile Include="Physics.cpp">
      <Filter>Engine</Filter>
    </ClCompile>
    <ClCompile Include="Scene.cpp">
      <Filter>Engine</Filter>
    </ClCompile>
    <ClCompile Include="Time.cpp">
      <Filter>Engine</Filter>
    </ClCompile>
    <ClCompile Include="Math.cpp">
      <Filter>Engine</Filter>
    </ClCompile>
    <ClCompile Include="Object.cpp">
      <Filter>Engine</Filter>
    </ClCompile>
    <ClCompile Include="Json.cpp">
      <Filter>Engine</Filter>
    </ClCompile>
    <ClCompile Include="Resource.cpp">
      <Filter>Engine</Filter>
    </ClCompile>
    <ClCompile Include="System.cpp">
      <Filter>Engine</Filter>
    </ClCompile>
    <ClCompile Include="Input.cpp">
      <Filter>Engine</Filter>
    </ClCompile>
    <ClCompile Include="Box2D\Collision\b2BroadPhase.cpp">
      <Filter>Box2D\Collision</Filter>
    </ClCompile>
    <ClCompile Include="Box2D\Collision\b2CollideCircle.cpp">
      <Filter>Box2D\Collision</Filter>
    </ClCompile>
    <ClCompile Include="Box2D\Collision\b2CollideEdge.cpp">
      <Filter>Box2D\Collision</Filter>
    </ClCompile>
    <ClCompile Include="Box2D\Collision\b2CollidePolygon.cpp">
      <Filter>Box2D\Collision</Filter>
    </ClCompile>
    <ClCompile Include="Box2D\Collision\b2Collision.cpp">
      <Filter>Box2D\Collision</Filter>
    </ClCompile>
    <ClCompile Include="Box2D\Collision\b2Distance.cpp">
      <Filter>Box2D\Collision</Filter>
    </ClCompile>
    <ClCompile Include="Box2D\Collision\b2DynamicTree.cpp">
      <Filter>Box2D\Collision</Filter>
    </ClCompile>
    <ClCompile Include="Box2D\Collision\b2TimeOfImpact.cpp">
      <Filter>Box2D\Collision</Filter>
    </ClCompile>
    <ClCompile Include="Box2D\Collision\Shapes\b2ChainShape.cpp">
      <Filter>Box2D\Collision\Shapes</Filter>
    </ClCompile>
    <ClCompile Include="Box2D\Collision\Shapes\b2CircleShape.cpp">
      <Filter>Box2D\Collision\Shapes</Filter>
    </ClCompile>
    <ClCompile Include="Box2D\Collision\Shapes\b2EdgeShape.cpp">
      <Filter>Box2D\Collision\Shapes</Filter>
    </ClCompile>
    <ClCompile Include="Box2D\Collision\Shapes\b2PolygonShape.cpp">
      <Filter>Box2D\Collision\Shapes</Filter>
    </ClCompile>
    <ClCompile Include="Box2D\Common\b2BlockAllocator.cpp">
      <Filter>Box2D\Common</Filter>
    </ClCompile>
    <ClCompile Include="Box2D\Common\b2Draw.cpp">
      <Filter>Box2D\Common</Filter>
    </ClCompile>
    <ClCompile Include="Box2D\Common\b2Math.cpp">
      <Filter>Box2D\Common</Filter>
    </ClCompile>
    <ClCompile Include="Box2D\Common\b2Settings.cpp">
      <Filter>Box2D\Common</Filter>
    </ClCompile>
    <ClCompile Include="Box2D\Common\b2StackAllocator.cpp">
      <Filter>Box2D\Common</Filter>
    </ClCompile>
    <ClCompile Include="Box2D\Common\b2Timer.cpp">
      <Filter>Box2D\Common</Filter>
    </ClCompile>
    <ClCompile Include="Box2D\Dynamics\Contacts\b2ChainAndCircleContact.cpp">
      <Filter>Box2D\Dynamics\Contacts</Filter>
    </ClCompile>
    <ClCompile Include="Box2D\Dynamics\Contacts\b2ChainAndPolygonContact.cpp">
      <Filter>Box2D\Dynamics\Contacts</Filter>
    </ClCompile>
    <ClCompile Include="Box2D\Dynamics\Contacts\b2CircleContact.cpp">
      <Filter>Box2D\Dynamics\Contacts</Filter>
    </ClCompile>
    <ClCompile Include="Box2D\Dynamics\Contacts\b2Contact.cpp">
      <Filter>Box2D\Dynamics\Contacts</Filter>
    </ClCompile>
    <ClCompile Include="Box2D\Dynamics\Contacts\b2ContactSolver.cpp">
      <Filter>Box2D\Dynamics\Contacts</Filter>
    </ClCompile>
    <ClCompile Include="Box2D\Dynamics\Contacts\b2EdgeAndCircleContact.cpp">
      <Filter>Box2D\Dynamics\Contacts</Filter>
    </ClCompile>
    <ClCompile Include="Box2D\Dynamics\Contacts\b2EdgeAndPolygonContact.cpp">
      <Filter>Box2D\Dynamics\Contacts</Filter>
    </ClCompile>
    <ClCompile Include="Box2D\Dynamics\Contacts\b2PolygonAndCircleContact.cpp">
      <Filter>Box2D\Dynamics\Contacts</Filter>
    </ClCompile>
    <ClCompile Include="Box2D\Dynamics\Contacts\b2PolygonContact.cpp">
      <Filter>Box2D\Dynamics\Contacts</Filter>
    </ClCompile>
    <ClCompile Include="Box2D\Dynamics\Joints\b2DistanceJoint.cpp">
      <Filter>Box2D\Dynamics\Joints</Filter>
    </ClCompile>
    <ClCompile Include="Box2D\Dynamics\Joints\b2FrictionJoint.cpp">
      <Filter>Box2D\Dynamics\Joints</Filter>
    </ClCompile>
    <ClCompile Include="Box2D\Dynamics\Joints\b2GearJoint.cpp">
      <Filter>Box2D\Dynamics\Joints</Filter>
    </ClCompile>
    <ClCompile Include="Box2D\Dynamics\Joints\b2Joint.cpp">
      <Filter>Box2D\Dynamics\Joints</Filter>
    </ClCompile>
    <ClCompile Include="Box2D\Dynamics\Joints\b2MotorJoint.cpp">
      <Filter>Box2D\Dynamics\Joints</Filter>
    </ClCompile>
    <ClCompile Include="Box2D\Dynamics\Joints\b2MouseJoint.cpp">
      <Filter>Box2D\Dynamics\Joints</Filter>
    </ClCompile>
    <ClCompile Include="Box2D\Dynamics\Joints\b2PrismaticJoint.cpp">
      <Filter>Box2D\Dynamics\Joints</Filter>
    </ClCompile>
    <ClCompile Include="Box2D\Dynamics\Joints\b2PulleyJoint.cpp">
      <Filter>Box2D\Dynamics\Joints</Filter>
    </ClCompile>
    <ClCompile Include="Box2D\Dynamics\Joints\b2RevoluteJoint.cpp">
      <Filter>Box2D\Dynamics\Joints</Filter>
    </ClCompile>
    <ClCompile Include="Box2D\Dynamics\Joints\b2RopeJoint.cpp">
      <Filter>Box2D\Dynamics\Joints</Filter>
    </ClCompile>
    <ClCompile Include="Box2D\Dynamics\Joints\b2WeldJoint.cpp">
      <Filter>Box2D\Dynamics\Joints</Filter>
    </ClCompile>
    <ClCompile Include="Box2D\Dynamics\Joints\b2WheelJoint.cpp">
      <Filter>Box2D\Dynamics\Joints</Filter>
    </ClCompile>
    <ClCompile Include="Box2D\Dynamics\b2Body.cpp">
      <Filter>Box2D\Dynamics</Filter>
    </ClCompile>
    <ClCompile Include="Box2D\Dynamics\b2ContactManager.cpp">
      <Filter>Box2D\Dynamics</Filter>
    </ClCompile>
    <ClCompile Include="Box2D\Dynamics\b2Fixture.cpp">
      <Filter>Box2D\Dynamics</Filter>
    </ClCompile>
    <ClCompile Include="Box2D\Dynamics\b2Island.cpp">
      <Filter>Box2D\Dynamics</Filter>
    </ClCompile>
    <ClCompile Include="Box2D\Dynamics\b2World.cpp">
      <Filter>Box2D\Dynamics</Filter>
    </ClCompile>
    <ClCompile Include="Box2D\Dynamics\b2WorldCallbacks.cpp">
      <Filter>Box2D\Dynamics</Filter>
    </ClCompile>
    <ClCompile Include="Box2D\Rope\b2Rope.cpp">
      <Filter>Box2D\Rope</Filter>
    </ClCompile>
  </ItemGroup>
  <ItemGroup>
    <ClInclude Include="ArcticEngine\engine\arctic_input.h">
      <Filter>ArcticEngine</Filter>
    </ClInclude>
    <ClInclude Include="ArcticEngine\engine\arctic_math.h">
      <Filter>ArcticEngine</Filter>
    </ClInclude>
    <ClInclude Include="ArcticEngine\engine\arctic_platform.h">
      <Filter>ArcticEngine</Filter>
    </ClInclude>
    <ClInclude Include="ArcticEngine\engine\arctic_platform_def.h">
      <Filter>ArcticEngine</Filter>
    </ClInclude>
    <ClInclude Include="ArcticEngine\engine\arctic_types.h">
      <Filter>ArcticEngine</Filter>
    </ClInclude>
    <ClInclude Include="ArcticEngine\engine\bound2f.h">
      <Filter>ArcticEngine</Filter>
    </ClInclude>
    <ClInclude Include="ArcticEngine\engine\bound3f.h">
      <Filter>ArcticEngine</Filter>
    </ClInclude>
    <ClInclude Include="ArcticEngine\engine\byte_array.h">
      <Filter>ArcticEngine</Filter>
    </ClInclude>
    <ClInclude Include="ArcticEngine\engine\easy.h">
      <Filter>ArcticEngine</Filter>
    </ClInclude>
    <ClInclude Include="ArcticEngine\engine\easy_sound.h">
      <Filter>ArcticEngine</Filter>
    </ClInclude>
    <ClInclude Include="ArcticEngine\engine\easy_sound_instance.h">
      <Filter>ArcticEngine</Filter>
    </ClInclude>
    <ClInclude Include="ArcticEngine\engine\easy_sprite.h">
      <Filter>ArcticEngine</Filter>
    </ClInclude>
    <ClInclude Include="ArcticEngine\engine\easy_sprite_instance.h">
      <Filter>ArcticEngine</Filter>
    </ClInclude>
    <ClInclude Include="ArcticEngine\engine\engine.h">
      <Filter>ArcticEngine</Filter>
    </ClInclude>
    <ClInclude Include="ArcticEngine\engine\frustum3f.h">
      <Filter>ArcticEngine</Filter>
    </ClInclude>
    <ClInclude Include="ArcticEngine\engine\mat22f.h">
      <Filter>ArcticEngine</Filter>
    </ClInclude>
    <ClInclude Include="ArcticEngine\engine\mat33f.h">
      <Filter>ArcticEngine</Filter>
    </ClInclude>
    <ClInclude Include="ArcticEngine\engine\mat44f.h">
      <Filter>ArcticEngine</Filter>
    </ClInclude>
    <ClInclude Include="ArcticEngine\engine\opengl.h">
      <Filter>ArcticEngine</Filter>
    </ClInclude>
    <ClInclude Include="ArcticEngine\engine\rgb.h">
      <Filter>ArcticEngine</Filter>
    </ClInclude>
    <ClInclude Include="ArcticEngine\engine\rgba.h">
      <Filter>ArcticEngine</Filter>
    </ClInclude>
    <ClInclude Include="ArcticEngine\engine\scalar_math.h">
      <Filter>ArcticEngine</Filter>
    </ClInclude>
    <ClInclude Include="ArcticEngine\engine\vec2f.h">
      <Filter>ArcticEngine</Filter>
    </ClInclude>
    <ClInclude Include="ArcticEngine\engine\vec2si32.h">
      <Filter>ArcticEngine</Filter>
    </ClInclude>
    <ClInclude Include="ArcticEngine\engine\vec3f.h">
      <Filter>ArcticEngine</Filter>
    </ClInclude>
    <ClInclude Include="ArcticEngine\engine\vec3si32.h">
      <Filter>ArcticEngine</Filter>
    </ClInclude>
    <ClInclude Include="ArcticEngine\engine\vec4f.h">
      <Filter>ArcticEngine</Filter>
    </ClInclude>
    <ClInclude Include="ArcticEngine\engine\vec4si32.h">
      <Filter>ArcticEngine</Filter>
    </ClInclude>
    <ClInclude Include="Engine.hpp">
      <Filter>Engine</Filter>
    </ClInclude>
    <ClInclude Include="Base.hpp">
      <Filter>Engine</Filter>
    </ClInclude>
    <ClInclude Include="Application.hpp">
      <Filter>Engine</Filter>
    </ClInclude>
    <ClInclude Include="Scene.hpp">
      <Filter>Engine</Filter>
    </ClInclude>
    <ClInclude Include="Render.hpp">
      <Filter>Engine</Filter>
    </ClInclude>
    <ClInclude Include="Physics.hpp">
      <Filter>Engine</Filter>
    </ClInclude>
    <ClInclude Include="Audio.hpp">
      <Filter>Engine</Filter>
    </ClInclude>
    <ClInclude Include="Logic.hpp">
      <Filter>Engine</Filter>
    </ClInclude>
    <ClInclude Include="Time.hpp">
      <Filter>Engine</Filter>
    </ClInclude>
    <ClInclude Include="Math.hpp">
      <Filter>Engine</Filter>
    </ClInclude>
    <ClInclude Include="Object.hpp">
      <Filter>Engine</Filter>
    </ClInclude>
    <ClInclude Include="Json.hpp">
      <Filter>Engine</Filter>
    </ClInclude>
    <ClInclude Include="Resource.hpp">
      <Filter>Engine</Filter>
    </ClInclude>
    <ClInclude Include="Input.hpp">
      <Filter>Engine</Filter>
    </ClInclude>
    <ClInclude Include="System.hpp">
      <Filter>Engine</Filter>
    </ClInclude>
    <ClInclude Include="Box2D\Collision\b2BroadPhase.h">
      <Filter>Box2D\Collision</Filter>
    </ClInclude>
    <ClInclude Include="Box2D\Collision\b2Collision.h">
      <Filter>Box2D\Collision</Filter>
    </ClInclude>
    <ClInclude Include="Box2D\Collision\b2Distance.h">
      <Filter>Box2D\Collision</Filter>
    </ClInclude>
    <ClInclude Include="Box2D\Collision\b2DynamicTree.h">
      <Filter>Box2D\Collision</Filter>
    </ClInclude>
    <ClInclude Include="Box2D\Collision\b2TimeOfImpact.h">
      <Filter>Box2D\Collision</Filter>
    </ClInclude>
    <ClInclude Include="Box2D\Collision\Shapes\b2ChainShape.h">
      <Filter>Box2D\Collision\Shapes</Filter>
    </ClInclude>
    <ClInclude Include="Box2D\Collision\Shapes\b2CircleShape.h">
      <Filter>Box2D\Collision\Shapes</Filter>
    </ClInclude>
    <ClInclude Include="Box2D\Collision\Shapes\b2EdgeShape.h">
      <Filter>Box2D\Collision\Shapes</Filter>
    </ClInclude>
    <ClInclude Include="Box2D\Collision\Shapes\b2PolygonShape.h">
      <Filter>Box2D\Collision\Shapes</Filter>
    </ClInclude>
    <ClInclude Include="Box2D\Collision\Shapes\b2Shape.h">
      <Filter>Box2D\Collision\Shapes</Filter>
    </ClInclude>
    <ClInclude Include="Box2D\Common\b2BlockAllocator.h">
      <Filter>Box2D\Common</Filter>
    </ClInclude>
    <ClInclude Include="Box2D\Common\b2Draw.h">
      <Filter>Box2D\Common</Filter>
    </ClInclude>
    <ClInclude Include="Box2D\Common\b2GrowableStack.h">
      <Filter>Box2D\Common</Filter>
    </ClInclude>
    <ClInclude Include="Box2D\Common\b2Math.h">
      <Filter>Box2D\Common</Filter>
    </ClInclude>
    <ClInclude Include="Box2D\Common\b2Settings.h">
      <Filter>Box2D\Common</Filter>
    </ClInclude>
    <ClInclude Include="Box2D\Common\b2StackAllocator.h">
      <Filter>Box2D\Common</Filter>
    </ClInclude>
    <ClInclude Include="Box2D\Common\b2Timer.h">
      <Filter>Box2D\Common</Filter>
    </ClInclude>
    <ClInclude Include="Box2D\Dynamics\Contacts\b2ChainAndCircleContact.h">
      <Filter>Box2D\Dynamics\Contacts</Filter>
    </ClInclude>
    <ClInclude Include="Box2D\Dynamics\Contacts\b2ChainAndPolygonContact.h">
      <Filter>Box2D\Dynamics\Contacts</Filter>
    </ClInclude>
    <ClInclude Include="Box2D\Dynamics\Contacts\b2CircleContact.h">
      <Filter>Box2D\Dynamics\Contacts</Filter>
    </ClInclude>
    <ClInclude Include="Box2D\Dynamics\Contacts\b2Contact.h">
      <Filter>Box2D\Dynamics\Contacts</Filter>
    </ClInclude>
    <ClInclude Include="Box2D\Dynamics\Contacts\b2ContactSolver.h">
      <Filter>Box2D\Dynamics\Contacts</Filter>
    </ClInclude>
    <ClInclude Include="Box2D\Dynamics\Contacts\b2EdgeAndCircleContact.h">
      <Filter>Box2D\Dynamics\Contacts</Filter>
    </ClInclude>
    <ClInclude Include="Box2D\Dynamics\Contacts\b2EdgeAndPolygonContact.h">
      <Filter>Box2D\Dynamics\Contacts</Filter>
    </ClInclude>
    <ClInclude Include="Box2D\Dynamics\Contacts\b2PolygonAndCircleContact.h">
      <Filter>Box2D\Dynamics\Contacts</Filter>
    </ClInclude>
    <ClInclude Include="Box2D\Dynamics\Contacts\b2PolygonContact.h">
      <Filter>Box2D\Dynamics\Contacts</Filter>
    </ClInclude>
    <ClInclude Include="Box2D\Dynamics\Joints\b2DistanceJoint.h">
      <Filter>Box2D\Dynamics\Joints</Filter>
    </ClInclude>
    <ClInclude Include="Box2D\Dynamics\Joints\b2FrictionJoint.h">
      <Filter>Box2D\Dynamics\Joints</Filter>
    </ClInclude>
    <ClInclude Include="Box2D\Dynamics\Joints\b2GearJoint.h">
      <Filter>Box2D\Dynamics\Joints</Filter>
    </ClInclude>
    <ClInclude Include="Box2D\Dynamics\Joints\b2Joint.h">
      <Filter>Box2D\Dynamics\Joints</Filter>
    </ClInclude>
    <ClInclude Include="Box2D\Dynamics\Joints\b2MotorJoint.h">
      <Filter>Box2D\Dynamics\Joints</Filter>
    </ClInclude>
    <ClInclude Include="Box2D\Dynamics\Joints\b2MouseJoint.h">
      <Filter>Box2D\Dynamics\Joints</Filter>
    </ClInclude>
    <ClInclude Include="Box2D\Dynamics\Joints\b2PrismaticJoint.h">
      <Filter>Box2D\Dynamics\Joints</Filter>
    </ClInclude>
    <ClInclude Include="Box2D\Dynamics\Joints\b2PulleyJoint.h">
      <Filter>Box2D\Dynamics\Joints</Filter>
    </ClInclude>
    <ClInclude Include="Box2D\Dynamics\Joints\b2RevoluteJoint.h">
      <Filter>Box2D\Dynamics\Joints</Filter>
    </ClInclude>
    <ClInclude Include="Box2D\Dynamics\Joints\b2RopeJoint.h">
      <Filter>Box2D\Dynamics\Joints</Filter>
    </ClInclude>
    <ClInclude Include="Box2D\Dynamics\Joints\b2WeldJoint.h">
      <Filter>Box2D\Dynamics\Joints</Filter>
    </ClInclude>
    <ClInclude Include="Box2D\Dynamics\Joints\b2WheelJoint.h">
      <Filter>Box2D\Dynamics\Joints</Filter>
    </ClInclude>
    <ClInclude Include="Box2D\Dynamics\b2Body.h">
      <Filter>Box2D\Dynamics</Filter>
    </ClInclude>
    <ClInclude Include="Box2D\Dynamics\b2ContactManager.h">
      <Filter>Box2D\Dynamics</Filter>
    </ClInclude>
    <ClInclude Include="Box2D\Dynamics\b2Fixture.h">
      <Filter>Box2D\Dynamics</Filter>
    </ClInclude>
    <ClInclude Include="Box2D\Dynamics\b2Island.h">
      <Filter>Box2D\Dynamics</Filter>
    </ClInclude>
    <ClInclude Include="Box2D\Dynamics\b2TimeStep.h">
      <Filter>Box2D\Dynamics</Filter>
    </ClInclude>
    <ClInclude Include="Box2D\Dynamics\b2World.h">
      <Filter>Box2D\Dynamics</Filter>
    </ClInclude>
    <ClInclude Include="Box2D\Dynamics\b2WorldCallbacks.h">
      <Filter>Box2D\Dynamics</Filter>
    </ClInclude>
    <ClInclude Include="Box2D\Rope\b2Rope.h">
      <Filter>Box2D\Rope</Filter>
    </ClInclude>
    <ClInclude Include="Box2D\Box2D.h">
      <Filter>Box2D</Filter>
    </ClInclude>
  </ItemGroup>
  <ItemGroup>
    <None Include="ArcticEngine\engine\stb_vorbis.inc">
      <Filter>ArcticEngine</Filter>
    </None>
  </ItemGroup>
</Project>